
Microsoft Visual Studio Solution File, Format Version 12.00
# Visual Studio Version 16
VisualStudioVersion = 16.0.30717.126
MinimumVisualStudioVersion = 10.0.40219.1
Project("{FAE04EC0-301F-11D3-BF4B-00C04F79EFBC}") = "TrebasiewiczCompanyServer", "TrebasiewiczCompanyServer\TrebasiewiczCompanyServer.csproj", "{8264D7A5-8521-4CCC-B0BF-B79A83FCB44C}"
EndProject
Project("{9A19103F-16F7-4668-BE54-9A1E7A4F7556}") = "TrebasiewiczCompanyServer.Sql", "TrebasiewiczServer.Sql\TrebasiewiczCompanyServer.Sql.csproj", "{97BCC744-3242-4B9B-9B5A-90DB7261F29C}"
EndProject
Project("{9A19103F-16F7-4668-BE54-9A1E7A4F7556}") = "TrebasiewiczCompanyServer.Models", "TrebasiewiczServer.Models\TrebasiewiczCompanyServer.Models.csproj", "{6BEAAB64-E852-433C-A56B-EB0306B572F0}"
EndProject
Global
	GlobalSection(SolutionConfigurationPlatforms) = preSolution
		Debug|Any CPU = Debug|Any CPU
		Release|Any CPU = Release|Any CPU
	EndGlobalSection
	GlobalSection(ProjectConfigurationPlatforms) = postSolution
		{8264D7A5-8521-4CCC-B0BF-B79A83FCB44C}.Debug|Any CPU.ActiveCfg = Debug|Any CPU
		{8264D7A5-8521-4CCC-B0BF-B79A83FCB44C}.Debug|Any CPU.Build.0 = Debug|Any CPU
		{8264D7A5-8521-4CCC-B0BF-B79A83FCB44C}.Release|Any CPU.ActiveCfg = Release|Any CPU
		{8264D7A5-8521-4CCC-B0BF-B79A83FCB44C}.Release|Any CPU.Build.0 = Release|Any CPU
		{97BCC744-3242-4B9B-9B5A-90DB7261F29C}.Debug|Any CPU.ActiveCfg = Debug|Any CPU
		{97BCC744-3242-4B9B-9B5A-90DB7261F29C}.Debug|Any CPU.Build.0 = Debug|Any CPU
		{97BCC744-3242-4B9B-9B5A-90DB7261F29C}.Release|Any CPU.ActiveCfg = Release|Any CPU
		{97BCC744-3242-4B9B-9B5A-90DB7261F29C}.Release|Any CPU.Build.0 = Release|Any CPU
		{6BEAAB64-E852-433C-A56B-EB0306B572F0}.Debug|Any CPU.ActiveCfg = Debug|Any CPU
		{6BEAAB64-E852-433C-A56B-EB0306B572F0}.Debug|Any CPU.Build.0 = Debug|Any CPU
		{6BEAAB64-E852-433C-A56B-EB0306B572F0}.Release|Any CPU.ActiveCfg = Release|Any CPU
		{6BEAAB64-E852-433C-A56B-EB0306B572F0}.Release|Any CPU.Build.0 = Release|Any CPU
	EndGlobalSection
	GlobalSection(SolutionProperties) = preSolution
		HideSolutionNode = FALSE
	EndGlobalSection
	GlobalSection(ExtensibilityGlobals) = postSolution
		SolutionGuid = {7A958916-7520-4548-AD6D-079CB5A44875}
	EndGlobalSection
EndGlobal
